
Microsoft Visual Studio Solution File, Format Version 12.00
# Visual Studio 2013
VisualStudioVersion = 12.0.30110.0
MinimumVisualStudioVersion = 10.0.40219.1
Project("{9092AA53-FB77-4645-B42D-1CCCA6BD08BD}") = "Skmatc", "Skmatc.njsproj", "{C4A603BC-D616-47A7-8A48-C33CEED02E6D}"
EndProject
Global
	GlobalSection(SolutionConfigurationPlatforms) = preSolution
		Debug|Any CPU = Debug|Any CPU
		Release|Any CPU = Release|Any CPU
	EndGlobalSection
	GlobalSection(ProjectConfigurationPlatforms) = postSolution
		{C4A603BC-D616-47A7-8A48-C33CEED02E6D}.Debug|Any CPU.ActiveCfg = Debug|Any CPU
		{C4A603BC-D616-47A7-8A48-C33CEED02E6D}.Debug|Any CPU.Build.0 = Debug|Any CPU
		{C4A603BC-D616-47A7-8A48-C33CEED02E6D}.Release|Any CPU.ActiveCfg = Release|Any CPU
		{C4A603BC-D616-47A7-8A48-C33CEED02E6D}.Release|Any CPU.Build.0 = Release|Any CPU
	EndGlobalSection
	GlobalSection(SolutionProperties) = preSolution
		HideSolutionNode = FALSE
	EndGlobalSection
EndGlobal
